# This file is automatically @generated by Cargo.
# It is not intended for manual editing.
version = 3

[[package]]
name = "linq_rs"
version = "0.2.1"

[[package]]
name = "linq_rs_sql"
version = "0.1.1"

[[package]]
name = "seam-tests"
version = "0.0.0"
dependencies = [
 "linq_rs",
 "linq_rs_sql",
]
